// !$*UTF8*$!
{
	archiveVersion = 1;
	classes = {
	};
	objectVersion = 50;
	objects = {

/* Begin PBXBuildFile section */
		6FF926D526B1E9DE0068D372 /* AppDelegate.swift in Sources */ = {isa = PBXBuildFile; fileRef = 6FF926D426B1E9DE0068D372 /* AppDelegate.swift */; };
		6FF926DE26B1E9E00068D372 /* Assets.xcassets in Resources */ = {isa = PBXBuildFile; fileRef = 6FF926DD26B1E9E00068D372 /* Assets.xcassets */; };
		6FF926E126B1E9E00068D372 /* LaunchScreen.storyboard in Resources */ = {isa = PBXBuildFile; fileRef = 6FF926DF26B1E9E00068D372 /* LaunchScreen.storyboard */; };
		6FF926EC26B1E9E00068D372 /* EDLifeSessionProjectTests.swift in Sources */ = {isa = PBXBuildFile; fileRef = 6FF926EB26B1E9E00068D372 /* EDLifeSessionProjectTests.swift */; };
		6FF926F726B1E9E00068D372 /* EDLifeSessionProjectUITests.swift in Sources */ = {isa = PBXBuildFile; fileRef = 6FF926F626B1E9E00068D372 /* EDLifeSessionProjectUITests.swift */; };
		6FF9273326B1E9FF0068D372 /* FeaturesCoordinator.swift in Sources */ = {isa = PBXBuildFile; fileRef = 6FF9270526B1E9FF0068D372 /* FeaturesCoordinator.swift */; };
		6FF9273426B1E9FF0068D372 /* FeatureAScreenTags.swift in Sources */ = {isa = PBXBuildFile; fileRef = 6FF9270726B1E9FF0068D372 /* FeatureAScreenTags.swift */; };
		6FF9273526B1E9FF0068D372 /* FeatureAState.swift in Sources */ = {isa = PBXBuildFile; fileRef = 6FF9270826B1E9FF0068D372 /* FeatureAState.swift */; };
		6FF9273626B1E9FF0068D372 /* FriendInfoModel.swift in Sources */ = {isa = PBXBuildFile; fileRef = 6FF9270A26B1E9FF0068D372 /* FriendInfoModel.swift */; };
		6FF9273726B1E9FF0068D372 /* SearchPeopleModel.swift in Sources */ = {isa = PBXBuildFile; fileRef = 6FF9270B26B1E9FF0068D372 /* SearchPeopleModel.swift */; };
		6FF9273826B1E9FF0068D372 /* FriendsListModel.swift in Sources */ = {isa = PBXBuildFile; fileRef = 6FF9270C26B1E9FF0068D372 /* FriendsListModel.swift */; };
		6FF9273926B1E9FF0068D372 /* FeatureState.swift in Sources */ = {isa = PBXBuildFile; fileRef = 6FF9270D26B1E9FF0068D372 /* FeatureState.swift */; };
		6FF9273A26B1E9FF0068D372 /* Tagged.swift in Sources */ = {isa = PBXBuildFile; fileRef = 6FF9270F26B1E9FF0068D372 /* Tagged.swift */; };
		6FF9273B26B1E9FF0068D372 /* FeatureManager.swift in Sources */ = {isa = PBXBuildFile; fileRef = 6FF9271026B1E9FF0068D372 /* FeatureManager.swift */; };
		6FF9273C26B1E9FF0068D372 /* Worker.swift in Sources */ = {isa = PBXBuildFile; fileRef = 6FF9271126B1E9FF0068D372 /* Worker.swift */; };
		6FF9273D26B1E9FF0068D372 /* Store.swift in Sources */ = {isa = PBXBuildFile; fileRef = 6FF9271226B1E9FF0068D372 /* Store.swift */; };
		6FF9273E26B1E9FF0068D372 /* FeatureCState.swift in Sources */ = {isa = PBXBuildFile; fileRef = 6FF9271426B1E9FF0068D372 /* FeatureCState.swift */; };
		6FF9273F26B1E9FF0068D372 /* CommentsModel.swift in Sources */ = {isa = PBXBuildFile; fileRef = 6FF9271626B1E9FF0068D372 /* CommentsModel.swift */; };
		6FF9274026B1E9FF0068D372 /* AuthorInfoModel.swift in Sources */ = {isa = PBXBuildFile; fileRef = 6FF9271726B1E9FF0068D372 /* AuthorInfoModel.swift */; };
		6FF9274126B1E9FF0068D372 /* PostDetailModel.swift in Sources */ = {isa = PBXBuildFile; fileRef = 6FF9271826B1E9FF0068D372 /* PostDetailModel.swift */; };
		6FF9274226B1E9FF0068D372 /* FeedModel.swift in Sources */ = {isa = PBXBuildFile; fileRef = 6FF9271926B1E9FF0068D372 /* FeedModel.swift */; };
		6FF9274326B1E9FF0068D372 /* FeatureCScreenTags.swift in Sources */ = {isa = PBXBuildFile; fileRef = 6FF9271A26B1E9FF0068D372 /* FeatureCScreenTags.swift */; };
		6FF9274426B1E9FF0068D372 /* ProductInfoModel.swift in Sources */ = {isa = PBXBuildFile; fileRef = 6FF9271D26B1E9FF0068D372 /* ProductInfoModel.swift */; };
		6FF9274526B1E9FF0068D372 /* PurchaseProgressModel.swift in Sources */ = {isa = PBXBuildFile; fileRef = 6FF9271E26B1E9FF0068D372 /* PurchaseProgressModel.swift */; };
		6FF9274626B1E9FF0068D372 /* StoreModel.swift in Sources */ = {isa = PBXBuildFile; fileRef = 6FF9271F26B1E9FF0068D372 /* StoreModel.swift */; };
		6FF9274726B1E9FF0068D372 /* PurchaseSuccessModel.swift in Sources */ = {isa = PBXBuildFile; fileRef = 6FF9272026B1E9FF0068D372 /* PurchaseSuccessModel.swift */; };
		6FF9274826B1E9FF0068D372 /* FeatureBState.swift in Sources */ = {isa = PBXBuildFile; fileRef = 6FF9272126B1E9FF0068D372 /* FeatureBState.swift */; };
		6FF9274926B1E9FF0068D372 /* FeatureBScreenTags.swift in Sources */ = {isa = PBXBuildFile; fileRef = 6FF9272226B1E9FF0068D372 /* FeatureBScreenTags.swift */; };
		6FF9274A26B1E9FF0068D372 /* FeatureAManager.swift in Sources */ = {isa = PBXBuildFile; fileRef = 6FF9272526B1E9FF0068D372 /* FeatureAManager.swift */; };
		6FF9274B26B1E9FF0068D372 /* FeatureAModuleFactory.swift in Sources */ = {isa = PBXBuildFile; fileRef = 6FF9272626B1E9FF0068D372 /* FeatureAModuleFactory.swift */; };
		6FF9274D26B1E9FF0068D372 /* FeatureCModuleFactory.swift in Sources */ = {isa = PBXBuildFile; fileRef = 6FF9272926B1E9FF0068D372 /* FeatureCModuleFactory.swift */; };
		6FF9274E26B1E9FF0068D372 /* FeatureCManager.swift in Sources */ = {isa = PBXBuildFile; fileRef = 6FF9272A26B1E9FF0068D372 /* FeatureCManager.swift */; };
		6FF9274F26B1E9FF0068D372 /* FeatureBManager.swift in Sources */ = {isa = PBXBuildFile; fileRef = 6FF9272C26B1E9FF0068D372 /* FeatureBManager.swift */; };
		6FF9275026B1E9FF0068D372 /* FeatureBModuleFactory.swift in Sources */ = {isa = PBXBuildFile; fileRef = 6FF9272D26B1E9FF0068D372 /* FeatureBModuleFactory.swift */; };
		6FF9275126B1E9FF0068D372 /* FeatureModuleLogic.swift in Sources */ = {isa = PBXBuildFile; fileRef = 6FF9273026B1E9FF0068D372 /* FeatureModuleLogic.swift */; };
		6FF9275226B1E9FF0068D372 /* FeatureModuleView.swift in Sources */ = {isa = PBXBuildFile; fileRef = 6FF9273126B1E9FF0068D372 /* FeatureModuleView.swift */; };
		6FF9275326B1E9FF0068D372 /* FeatureModuleAssembly.swift in Sources */ = {isa = PBXBuildFile; fileRef = 6FF9273226B1E9FF0068D372 /* FeatureModuleAssembly.swift */; };
/* End PBXBuildFile section */

/* Begin PBXContainerItemProxy section */
		6FF926E826B1E9E00068D372 /* PBXContainerItemProxy */ = {
			isa = PBXContainerItemProxy;
			containerPortal = 6FF926C926B1E9DE0068D372 /* Project object */;
			proxyType = 1;
			remoteGlobalIDString = 6FF926D026B1E9DE0068D372;
			remoteInfo = EDLifeSessionProject;
		};
		6FF926F326B1E9E00068D372 /* PBXContainerItemProxy */ = {
			isa = PBXContainerItemProxy;
			containerPortal = 6FF926C926B1E9DE0068D372 /* Project object */;
			proxyType = 1;
			remoteGlobalIDString = 6FF926D026B1E9DE0068D372;
			remoteInfo = EDLifeSessionProject;
		};
/* End PBXContainerItemProxy section */

/* Begin PBXFileReference section */
		6FF926D126B1E9DE0068D372 /* EDLifeSessionProject.app */ = {isa = PBXFileReference; explicitFileType = wrapper.application; includeInIndex = 0; path = EDLifeSessionProject.app; sourceTree = BUILT_PRODUCTS_DIR; };
		6FF926D426B1E9DE0068D372 /* AppDelegate.swift */ = {isa = PBXFileReference; lastKnownFileType = sourcecode.swift; path = AppDelegate.swift; sourceTree = "<group>"; };
		6FF926DD26B1E9E00068D372 /* Assets.xcassets */ = {isa = PBXFileReference; lastKnownFileType = folder.assetcatalog; path = Assets.xcassets; sourceTree = "<group>"; };
		6FF926E026B1E9E00068D372 /* Base */ = {isa = PBXFileReference; lastKnownFileType = file.storyboard; name = Base; path = Base.lproj/LaunchScreen.storyboard; sourceTree = "<group>"; };
		6FF926E226B1E9E00068D372 /* Info.plist */ = {isa = PBXFileReference; lastKnownFileType = text.plist.xml; path = Info.plist; sourceTree = "<group>"; };
		6FF926E726B1E9E00068D372 /* EDLifeSessionProjectTests.xctest */ = {isa = PBXFileReference; explicitFileType = wrapper.cfbundle; includeInIndex = 0; path = EDLifeSessionProjectTests.xctest; sourceTree = BUILT_PRODUCTS_DIR; };
		6FF926EB26B1E9E00068D372 /* EDLifeSessionProjectTests.swift */ = {isa = PBXFileReference; lastKnownFileType = sourcecode.swift; path = EDLifeSessionProjectTests.swift; sourceTree = "<group>"; };
		6FF926ED26B1E9E00068D372 /* Info.plist */ = {isa = PBXFileReference; lastKnownFileType = text.plist.xml; path = Info.plist; sourceTree = "<group>"; };
		6FF926F226B1E9E00068D372 /* EDLifeSessionProjectUITests.xctest */ = {isa = PBXFileReference; explicitFileType = wrapper.cfbundle; includeInIndex = 0; path = EDLifeSessionProjectUITests.xctest; sourceTree = BUILT_PRODUCTS_DIR; };
		6FF926F626B1E9E00068D372 /* EDLifeSessionProjectUITests.swift */ = {isa = PBXFileReference; lastKnownFileType = sourcecode.swift; path = EDLifeSessionProjectUITests.swift; sourceTree = "<group>"; };
		6FF926F826B1E9E00068D372 /* Info.plist */ = {isa = PBXFileReference; lastKnownFileType = text.plist.xml; path = Info.plist; sourceTree = "<group>"; };
		6FF9270526B1E9FF0068D372 /* FeaturesCoordinator.swift */ = {isa = PBXFileReference; fileEncoding = 4; lastKnownFileType = sourcecode.swift; path = FeaturesCoordinator.swift; sourceTree = "<group>"; };
		6FF9270726B1E9FF0068D372 /* FeatureAScreenTags.swift */ = {isa = PBXFileReference; fileEncoding = 4; lastKnownFileType = sourcecode.swift; path = FeatureAScreenTags.swift; sourceTree = "<group>"; };
		6FF9270826B1E9FF0068D372 /* FeatureAState.swift */ = {isa = PBXFileReference; fileEncoding = 4; lastKnownFileType = sourcecode.swift; path = FeatureAState.swift; sourceTree = "<group>"; };
		6FF9270A26B1E9FF0068D372 /* FriendInfoModel.swift */ = {isa = PBXFileReference; fileEncoding = 4; lastKnownFileType = sourcecode.swift; path = FriendInfoModel.swift; sourceTree = "<group>"; };
		6FF9270B26B1E9FF0068D372 /* SearchPeopleModel.swift */ = {isa = PBXFileReference; fileEncoding = 4; lastKnownFileType = sourcecode.swift; path = SearchPeopleModel.swift; sourceTree = "<group>"; };
		6FF9270C26B1E9FF0068D372 /* FriendsListModel.swift */ = {isa = PBXFileReference; fileEncoding = 4; lastKnownFileType = sourcecode.swift; path = FriendsListModel.swift; sourceTree = "<group>"; };
		6FF9270D26B1E9FF0068D372 /* FeatureState.swift */ = {isa = PBXFileReference; fileEncoding = 4; lastKnownFileType = sourcecode.swift; path = FeatureState.swift; sourceTree = "<group>"; };
		6FF9270F26B1E9FF0068D372 /* Tagged.swift */ = {isa = PBXFileReference; fileEncoding = 4; lastKnownFileType = sourcecode.swift; path = Tagged.swift; sourceTree = "<group>"; };
		6FF9271026B1E9FF0068D372 /* FeatureManager.swift */ = {isa = PBXFileReference; fileEncoding = 4; lastKnownFileType = sourcecode.swift; path = FeatureManager.swift; sourceTree = "<group>"; };
		6FF9271126B1E9FF0068D372 /* Worker.swift */ = {isa = PBXFileReference; fileEncoding = 4; lastKnownFileType = sourcecode.swift; path = Worker.swift; sourceTree = "<group>"; };
		6FF9271226B1E9FF0068D372 /* Store.swift */ = {isa = PBXFileReference; fileEncoding = 4; lastKnownFileType = sourcecode.swift; path = Store.swift; sourceTree = "<group>"; };
		6FF9271426B1E9FF0068D372 /* FeatureCState.swift */ = {isa = PBXFileReference; fileEncoding = 4; lastKnownFileType = sourcecode.swift; path = FeatureCState.swift; sourceTree = "<group>"; };
		6FF9271626B1E9FF0068D372 /* CommentsModel.swift */ = {isa = PBXFileReference; fileEncoding = 4; lastKnownFileType = sourcecode.swift; path = CommentsModel.swift; sourceTree = "<group>"; };
		6FF9271726B1E9FF0068D372 /* AuthorInfoModel.swift */ = {isa = PBXFileReference; fileEncoding = 4; lastKnownFileType = sourcecode.swift; path = AuthorInfoModel.swift; sourceTree = "<group>"; };
		6FF9271826B1E9FF0068D372 /* PostDetailModel.swift */ = {isa = PBXFileReference; fileEncoding = 4; lastKnownFileType = sourcecode.swift; path = PostDetailModel.swift; sourceTree = "<group>"; };
		6FF9271926B1E9FF0068D372 /* FeedModel.swift */ = {isa = PBXFileReference; fileEncoding = 4; lastKnownFileType = sourcecode.swift; path = FeedModel.swift; sourceTree = "<group>"; };
		6FF9271A26B1E9FF0068D372 /* FeatureCScreenTags.swift */ = {isa = PBXFileReference; fileEncoding = 4; lastKnownFileType = sourcecode.swift; path = FeatureCScreenTags.swift; sourceTree = "<group>"; };
		6FF9271D26B1E9FF0068D372 /* ProductInfoModel.swift */ = {isa = PBXFileReference; fileEncoding = 4; lastKnownFileType = sourcecode.swift; path = ProductInfoModel.swift; sourceTree = "<group>"; };
		6FF9271E26B1E9FF0068D372 /* PurchaseProgressModel.swift */ = {isa = PBXFileReference; fileEncoding = 4; lastKnownFileType = sourcecode.swift; path = PurchaseProgressModel.swift; sourceTree = "<group>"; };
		6FF9271F26B1E9FF0068D372 /* StoreModel.swift */ = {isa = PBXFileReference; fileEncoding = 4; lastKnownFileType = sourcecode.swift; path = StoreModel.swift; sourceTree = "<group>"; };
		6FF9272026B1E9FF0068D372 /* PurchaseSuccessModel.swift */ = {isa = PBXFileReference; fileEncoding = 4; lastKnownFileType = sourcecode.swift; path = PurchaseSuccessModel.swift; sourceTree = "<group>"; };
		6FF9272126B1E9FF0068D372 /* FeatureBState.swift */ = {isa = PBXFileReference; fileEncoding = 4; lastKnownFileType = sourcecode.swift; path = FeatureBState.swift; sourceTree = "<group>"; };
		6FF9272226B1E9FF0068D372 /* FeatureBScreenTags.swift */ = {isa = PBXFileReference; fileEncoding = 4; lastKnownFileType = sourcecode.swift; path = FeatureBScreenTags.swift; sourceTree = "<group>"; };
		6FF9272526B1E9FF0068D372 /* FeatureAManager.swift */ = {isa = PBXFileReference; fileEncoding = 4; lastKnownFileType = sourcecode.swift; path = FeatureAManager.swift; sourceTree = "<group>"; };
		6FF9272626B1E9FF0068D372 /* FeatureAModuleFactory.swift */ = {isa = PBXFileReference; fileEncoding = 4; lastKnownFileType = sourcecode.swift; path = FeatureAModuleFactory.swift; sourceTree = "<group>"; };
		6FF9272926B1E9FF0068D372 /* FeatureCModuleFactory.swift */ = {isa = PBXFileReference; fileEncoding = 4; lastKnownFileType = sourcecode.swift; path = FeatureCModuleFactory.swift; sourceTree = "<group>"; };
		6FF9272A26B1E9FF0068D372 /* FeatureCManager.swift */ = {isa = PBXFileReference; fileEncoding = 4; lastKnownFileType = sourcecode.swift; path = FeatureCManager.swift; sourceTree = "<group>"; };
		6FF9272C26B1E9FF0068D372 /* FeatureBManager.swift */ = {isa = PBXFileReference; fileEncoding = 4; lastKnownFileType = sourcecode.swift; path = FeatureBManager.swift; sourceTree = "<group>"; };
		6FF9272D26B1E9FF0068D372 /* FeatureBModuleFactory.swift */ = {isa = PBXFileReference; fileEncoding = 4; lastKnownFileType = sourcecode.swift; path = FeatureBModuleFactory.swift; sourceTree = "<group>"; };
		6FF9273026B1E9FF0068D372 /* FeatureModuleLogic.swift */ = {isa = PBXFileReference; fileEncoding = 4; lastKnownFileType = sourcecode.swift; path = FeatureModuleLogic.swift; sourceTree = "<group>"; };
		6FF9273126B1E9FF0068D372 /* FeatureModuleView.swift */ = {isa = PBXFileReference; fileEncoding = 4; lastKnownFileType = sourcecode.swift; path = FeatureModuleView.swift; sourceTree = "<group>"; };
		6FF9273226B1E9FF0068D372 /* FeatureModuleAssembly.swift */ = {isa = PBXFileReference; fileEncoding = 4; lastKnownFileType = sourcecode.swift; path = FeatureModuleAssembly.swift; sourceTree = "<group>"; };
/* End PBXFileReference section */

/* Begin PBXFrameworksBuildPhase section */
		6FF926CE26B1E9DE0068D372 /* Frameworks */ = {
			isa = PBXFrameworksBuildPhase;
			buildActionMask = 2147483647;
			files = (
			);
			runOnlyForDeploymentPostprocessing = 0;
		};
		6FF926E426B1E9E00068D372 /* Frameworks */ = {
			isa = PBXFrameworksBuildPhase;
			buildActionMask = 2147483647;
			files = (
			);
			runOnlyForDeploymentPostprocessing = 0;
		};
		6FF926EF26B1E9E00068D372 /* Frameworks */ = {
			isa = PBXFrameworksBuildPhase;
			buildActionMask = 2147483647;
			files = (
			);
			runOnlyForDeploymentPostprocessing = 0;
		};
/* End PBXFrameworksBuildPhase section */

/* Begin PBXGroup section */
		6FF926C826B1E9DE0068D372 = {
			isa = PBXGroup;
			children = (
				6FF9270426B1E9FF0068D372 /* Main */,
				6FF9272326B1E9FF0068D372 /* UI */,
				6FF926D326B1E9DE0068D372 /* EDLifeSessionProject */,
				6FF926EA26B1E9E00068D372 /* EDLifeSessionProjectTests */,
				6FF926F526B1E9E00068D372 /* EDLifeSessionProjectUITests */,
				6FF926D226B1E9DE0068D372 /* Products */,
			);
			sourceTree = "<group>";
		};
		6FF926D226B1E9DE0068D372 /* Products */ = {
			isa = PBXGroup;
			children = (
				6FF926D126B1E9DE0068D372 /* EDLifeSessionProject.app */,
				6FF926E726B1E9E00068D372 /* EDLifeSessionProjectTests.xctest */,
				6FF926F226B1E9E00068D372 /* EDLifeSessionProjectUITests.xctest */,
			);
			name = Products;
			sourceTree = "<group>";
		};
		6FF926D326B1E9DE0068D372 /* EDLifeSessionProject */ = {
			isa = PBXGroup;
			children = (
				6FF926D426B1E9DE0068D372 /* AppDelegate.swift */,
				6FF926DD26B1E9E00068D372 /* Assets.xcassets */,
				6FF926DF26B1E9E00068D372 /* LaunchScreen.storyboard */,
				6FF926E226B1E9E00068D372 /* Info.plist */,
			);
			path = EDLifeSessionProject;
			sourceTree = "<group>";
		};
		6FF926EA26B1E9E00068D372 /* EDLifeSessionProjectTests */ = {
			isa = PBXGroup;
			children = (
				6FF926EB26B1E9E00068D372 /* EDLifeSessionProjectTests.swift */,
				6FF926ED26B1E9E00068D372 /* Info.plist */,
			);
			path = EDLifeSessionProjectTests;
			sourceTree = "<group>";
		};
		6FF926F526B1E9E00068D372 /* EDLifeSessionProjectUITests */ = {
			isa = PBXGroup;
			children = (
				6FF926F626B1E9E00068D372 /* EDLifeSessionProjectUITests.swift */,
				6FF926F826B1E9E00068D372 /* Info.plist */,
			);
			path = EDLifeSessionProjectUITests;
			sourceTree = "<group>";
		};
		6FF9270426B1E9FF0068D372 /* Main */ = {
			isa = PBXGroup;
			children = (
				6FF9270626B1E9FF0068D372 /* FeatureA */,
				6FF9271B26B1E9FF0068D372 /* FeatureB */,
				6FF9271326B1E9FF0068D372 /* FeatureC */,
				6FF9270526B1E9FF0068D372 /* FeaturesCoordinator.swift */,
				6FF9270D26B1E9FF0068D372 /* FeatureState.swift */,
				6FF9271026B1E9FF0068D372 /* FeatureManager.swift */,
				6FF9271126B1E9FF0068D372 /* Worker.swift */,
				6FF9271226B1E9FF0068D372 /* Store.swift */,
				6FF9270E26B1E9FF0068D372 /* Utilities */,
			);
			path = Main;
			sourceTree = "<group>";
		};
		6FF9270626B1E9FF0068D372 /* FeatureA */ = {
			isa = PBXGroup;
			children = (
				6FF9270926B1E9FF0068D372 /* Models */,
				6FF9270726B1E9FF0068D372 /* FeatureAScreenTags.swift */,
				6FF9270826B1E9FF0068D372 /* FeatureAState.swift */,
			);
			path = FeatureA;
			sourceTree = "<group>";
		};
		6FF9270926B1E9FF0068D372 /* Models */ = {
			isa = PBXGroup;
			children = (
				6FF9270A26B1E9FF0068D372 /* FriendInfoModel.swift */,
				6FF9270B26B1E9FF0068D372 /* SearchPeopleModel.swift */,
				6FF9270C26B1E9FF0068D372 /* FriendsListModel.swift */,
			);
			path = Models;
			sourceTree = "<group>";
		};
		6FF9270E26B1E9FF0068D372 /* Utilities */ = {
			isa = PBXGroup;
			children = (
				6FF9270F26B1E9FF0068D372 /* Tagged.swift */,
			);
			path = Utilities;
			sourceTree = "<group>";
		};
		6FF9271326B1E9FF0068D372 /* FeatureC */ = {
			isa = PBXGroup;
			children = (
				6FF9271526B1E9FF0068D372 /* Models */,
				6FF9271426B1E9FF0068D372 /* FeatureCState.swift */,
				6FF9271A26B1E9FF0068D372 /* FeatureCScreenTags.swift */,
			);
			path = FeatureC;
			sourceTree = "<group>";
		};
		6FF9271526B1E9FF0068D372 /* Models */ = {
			isa = PBXGroup;
			children = (
				6FF9271626B1E9FF0068D372 /* CommentsModel.swift */,
				6FF9271726B1E9FF0068D372 /* AuthorInfoModel.swift */,
				6FF9271826B1E9FF0068D372 /* PostDetailModel.swift */,
				6FF9271926B1E9FF0068D372 /* FeedModel.swift */,
			);
			path = Models;
			sourceTree = "<group>";
		};
		6FF9271B26B1E9FF0068D372 /* FeatureB */ = {
			isa = PBXGroup;
			children = (
				6FF9271C26B1E9FF0068D372 /* Models */,
				6FF9272126B1E9FF0068D372 /* FeatureBState.swift */,
				6FF9272226B1E9FF0068D372 /* FeatureBScreenTags.swift */,
			);
			path = FeatureB;
			sourceTree = "<group>";
		};
		6FF9271C26B1E9FF0068D372 /* Models */ = {
			isa = PBXGroup;
			children = (
				6FF9271D26B1E9FF0068D372 /* ProductInfoModel.swift */,
				6FF9271E26B1E9FF0068D372 /* PurchaseProgressModel.swift */,
				6FF9271F26B1E9FF0068D372 /* StoreModel.swift */,
				6FF9272026B1E9FF0068D372 /* PurchaseSuccessModel.swift */,
			);
			path = Models;
			sourceTree = "<group>";
		};
		6FF9272326B1E9FF0068D372 /* UI */ = {
			isa = PBXGroup;
			children = (
				6FF9272426B1E9FF0068D372 /* FeatureA */,
				6FF9272B26B1E9FF0068D372 /* FeatureB */,
				6FF9272826B1E9FF0068D372 /* FeatureC */,
				6FF9272E26B1E9FF0068D372 /* Modules */,
			);
			path = UI;
			sourceTree = "<group>";
		};
		6FF9272426B1E9FF0068D372 /* FeatureA */ = {
			isa = PBXGroup;
			children = (
				6FF9272526B1E9FF0068D372 /* FeatureAManager.swift */,
				6FF9272626B1E9FF0068D372 /* FeatureAModuleFactory.swift */,
			);
			path = FeatureA;
			sourceTree = "<group>";
		};
		6FF9272826B1E9FF0068D372 /* FeatureC */ = {
			isa = PBXGroup;
			children = (
				6FF9272926B1E9FF0068D372 /* FeatureCModuleFactory.swift */,
				6FF9272A26B1E9FF0068D372 /* FeatureCManager.swift */,
			);
			path = FeatureC;
			sourceTree = "<group>";
		};
		6FF9272B26B1E9FF0068D372 /* FeatureB */ = {
			isa = PBXGroup;
			children = (
				6FF9272C26B1E9FF0068D372 /* FeatureBManager.swift */,
				6FF9272D26B1E9FF0068D372 /* FeatureBModuleFactory.swift */,
			);
			path = FeatureB;
			sourceTree = "<group>";
		};
		6FF9272E26B1E9FF0068D372 /* Modules */ = {
			isa = PBXGroup;
			children = (
				6FF9272F26B1E9FF0068D372 /* TempModule */,
			);
			path = Modules;
			sourceTree = "<group>";
		};
		6FF9272F26B1E9FF0068D372 /* TempModule */ = {
			isa = PBXGroup;
			children = (
				6FF9273026B1E9FF0068D372 /* FeatureModuleLogic.swift */,
				6FF9273126B1E9FF0068D372 /* FeatureModuleView.swift */,
				6FF9273226B1E9FF0068D372 /* FeatureModuleAssembly.swift */,
			);
			path = TempModule;
			sourceTree = "<group>";
		};
/* End PBXGroup section */

/* Begin PBXNativeTarget section */
		6FF926D026B1E9DE0068D372 /* EDLifeSessionProject */ = {
			isa = PBXNativeTarget;
			buildConfigurationList = 6FF926FB26B1E9E00068D372 /* Build configuration list for PBXNativeTarget "EDLifeSessionProject" */;
			buildPhases = (
				6FF926CD26B1E9DE0068D372 /* Sources */,
				6FF926CE26B1E9DE0068D372 /* Frameworks */,
				6FF926CF26B1E9DE0068D372 /* Resources */,
			);
			buildRules = (
			);
			dependencies = (
			);
			name = EDLifeSessionProject;
			productName = EDLifeSessionProject;
			productReference = 6FF926D126B1E9DE0068D372 /* EDLifeSessionProject.app */;
			productType = "com.apple.product-type.application";
		};
		6FF926E626B1E9E00068D372 /* EDLifeSessionProjectTests */ = {
			isa = PBXNativeTarget;
			buildConfigurationList = 6FF926FE26B1E9E00068D372 /* Build configuration list for PBXNativeTarget "EDLifeSessionProjectTests" */;
			buildPhases = (
				6FF926E326B1E9E00068D372 /* Sources */,
				6FF926E426B1E9E00068D372 /* Frameworks */,
				6FF926E526B1E9E00068D372 /* Resources */,
			);
			buildRules = (
			);
			dependencies = (
				6FF926E926B1E9E00068D372 /* PBXTargetDependency */,
			);
			name = EDLifeSessionProjectTests;
			productName = EDLifeSessionProjectTests;
			productReference = 6FF926E726B1E9E00068D372 /* EDLifeSessionProjectTests.xctest */;
			productType = "com.apple.product-type.bundle.unit-test";
		};
		6FF926F126B1E9E00068D372 /* EDLifeSessionProjectUITests */ = {
			isa = PBXNativeTarget;
			buildConfigurationList = 6FF9270126B1E9E00068D372 /* Build configuration list for PBXNativeTarget "EDLifeSessionProjectUITests" */;
			buildPhases = (
				6FF926EE26B1E9E00068D372 /* Sources */,
				6FF926EF26B1E9E00068D372 /* Frameworks */,
				6FF926F026B1E9E00068D372 /* Resources */,
			);
			buildRules = (
			);
			dependencies = (
				6FF926F426B1E9E00068D372 /* PBXTargetDependency */,
			);
			name = EDLifeSessionProjectUITests;
			productName = EDLifeSessionProjectUITests;
			productReference = 6FF926F226B1E9E00068D372 /* EDLifeSessionProjectUITests.xctest */;
			productType = "com.apple.product-type.bundle.ui-testing";
		};
/* End PBXNativeTarget section */

/* Begin PBXProject section */
		6FF926C926B1E9DE0068D372 /* Project object */ = {
			isa = PBXProject;
			attributes = {
				LastSwiftUpdateCheck = 1250;
				LastUpgradeCheck = 1250;
				TargetAttributes = {
					6FF926D026B1E9DE0068D372 = {
						CreatedOnToolsVersion = 12.5.1;
					};
					6FF926E626B1E9E00068D372 = {
						CreatedOnToolsVersion = 12.5.1;
						TestTargetID = 6FF926D026B1E9DE0068D372;
					};
					6FF926F126B1E9E00068D372 = {
						CreatedOnToolsVersion = 12.5.1;
						TestTargetID = 6FF926D026B1E9DE0068D372;
					};
				};
			};
			buildConfigurationList = 6FF926CC26B1E9DE0068D372 /* Build configuration list for PBXProject "EDLifeSessionProject" */;
			compatibilityVersion = "Xcode 9.3";
			developmentRegion = en;
			hasScannedForEncodings = 0;
			knownRegions = (
				en,
				Base,
			);
			mainGroup = 6FF926C826B1E9DE0068D372;
			productRefGroup = 6FF926D226B1E9DE0068D372 /* Products */;
			projectDirPath = "";
			projectRoot = "";
			targets = (
				6FF926D026B1E9DE0068D372 /* EDLifeSessionProject */,
				6FF926E626B1E9E00068D372 /* EDLifeSessionProjectTests */,
				6FF926F126B1E9E00068D372 /* EDLifeSessionProjectUITests */,
			);
		};
/* End PBXProject section */

/* Begin PBXResourcesBuildPhase section */
		6FF926CF26B1E9DE0068D372 /* Resources */ = {
			isa = PBXResourcesBuildPhase;
			buildActionMask = 2147483647;
			files = (
				6FF926E126B1E9E00068D372 /* LaunchScreen.storyboard in Resources */,
				6FF926DE26B1E9E00068D372 /* Assets.xcassets in Resources */,
			);
			runOnlyForDeploymentPostprocessing = 0;
		};
		6FF926E526B1E9E00068D372 /* Resources */ = {
			isa = PBXResourcesBuildPhase;
			buildActionMask = 2147483647;
			files = (
			);
			runOnlyForDeploymentPostprocessing = 0;
		};
		6FF926F026B1E9E00068D372 /* Resources */ = {
			isa = PBXResourcesBuildPhase;
			buildActionMask = 2147483647;
			files = (
			);
			runOnlyForDeploymentPostprocessing = 0;
		};
/* End PBXResourcesBuildPhase section */

/* Begin PBXSourcesBuildPhase section */
		6FF926CD26B1E9DE0068D372 /* Sources */ = {
			isa = PBXSourcesBuildPhase;
			buildActionMask = 2147483647;
			files = (
				6FF9273626B1E9FF0068D372 /* FriendInfoModel.swift in Sources */,
				6FF9274226B1E9FF0068D372 /* FeedModel.swift in Sources */,
				6FF9274926B1E9FF0068D372 /* FeatureBScreenTags.swift in Sources */,
				6FF9273C26B1E9FF0068D372 /* Worker.swift in Sources */,
				6FF9274B26B1E9FF0068D372 /* FeatureAModuleFactory.swift in Sources */,
				6FF9275026B1E9FF0068D372 /* FeatureBModuleFactory.swift in Sources */,
				6FF9274A26B1E9FF0068D372 /* FeatureAManager.swift in Sources */,
				6FF9273B26B1E9FF0068D372 /* FeatureManager.swift in Sources */,
				6FF9275126B1E9FF0068D372 /* FeatureModuleLogic.swift in Sources */,
				6FF9274326B1E9FF0068D372 /* FeatureCScreenTags.swift in Sources */,
				6FF926D526B1E9DE0068D372 /* AppDelegate.swift in Sources */,
				6FF9274526B1E9FF0068D372 /* PurchaseProgressModel.swift in Sources */,
				6FF9273F26B1E9FF0068D372 /* CommentsModel.swift in Sources */,
				6FF9273826B1E9FF0068D372 /* FriendsListModel.swift in Sources */,
				6FF9274D26B1E9FF0068D372 /* FeatureCModuleFactory.swift in Sources */,
				6FF9273926B1E9FF0068D372 /* FeatureState.swift in Sources */,
				6FF9275226B1E9FF0068D372 /* FeatureModuleView.swift in Sources */,
				6FF9273D26B1E9FF0068D372 /* Store.swift in Sources */,
				6FF9273A26B1E9FF0068D372 /* Tagged.swift in Sources */,
				6FF9275326B1E9FF0068D372 /* FeatureModuleAssembly.swift in Sources */,
				6FF9273426B1E9FF0068D372 /* FeatureAScreenTags.swift in Sources */,
				6FF9274026B1E9FF0068D372 /* AuthorInfoModel.swift in Sources */,
				6FF9274126B1E9FF0068D372 /* PostDetailModel.swift in Sources */,
				6FF9273E26B1E9FF0068D372 /* FeatureCState.swift in Sources */,
				6FF9274E26B1E9FF0068D372 /* FeatureCManager.swift in Sources */,
				6FF9274726B1E9FF0068D372 /* PurchaseSuccessModel.swift in Sources */,
				6FF9274F26B1E9FF0068D372 /* FeatureBManager.swift in Sources */,
				6FF9274826B1E9FF0068D372 /* FeatureBState.swift in Sources */,
				6FF9273526B1E9FF0068D372 /* FeatureAState.swift in Sources */,
				6FF9273726B1E9FF0068D372 /* SearchPeopleModel.swift in Sources */,
				6FF9274426B1E9FF0068D372 /* ProductInfoModel.swift in Sources */,
				6FF9273326B1E9FF0068D372 /* FeaturesCoordinator.swift in Sources */,
				6FF9274626B1E9FF0068D372 /* StoreModel.swift in Sources */,
			);
			runOnlyForDeploymentPostprocessing = 0;
		};
		6FF926E326B1E9E00068D372 /* Sources */ = {
			isa = PBXSourcesBuildPhase;
			buildActionMask = 2147483647;
			files = (
				6FF926EC26B1E9E00068D372 /* EDLifeSessionProjectTests.swift in Sources */,
			);
			runOnlyForDeploymentPostprocessing = 0;
		};
		6FF926EE26B1E9E00068D372 /* Sources */ = {
			isa = PBXSourcesBuildPhase;
			buildActionMask = 2147483647;
			files = (
				6FF926F726B1E9E00068D372 /* EDLifeSessionProjectUITests.swift in Sources */,
			);
			runOnlyForDeploymentPostprocessing = 0;
		};
/* End PBXSourcesBuildPhase section */

/* Begin PBXTargetDependency section */
		6FF926E926B1E9E00068D372 /* PBXTargetDependency */ = {
			isa = PBXTargetDependency;
			target = 6FF926D026B1E9DE0068D372 /* EDLifeSessionProject */;
			targetProxy = 6FF926E826B1E9E00068D372 /* PBXContainerItemProxy */;
		};
		6FF926F426B1E9E00068D372 /* PBXTargetDependency */ = {
			isa = PBXTargetDependency;
			target = 6FF926D026B1E9DE0068D372 /* EDLifeSessionProject */;
			targetProxy = 6FF926F326B1E9E00068D372 /* PBXContainerItemProxy */;
		};
/* End PBXTargetDependency section */

/* Begin PBXVariantGroup section */
		6FF926DF26B1E9E00068D372 /* LaunchScreen.storyboard */ = {
			isa = PBXVariantGroup;
			children = (
				6FF926E026B1E9E00068D372 /* Base */,
			);
			name = LaunchScreen.storyboard;
			sourceTree = "<group>";
		};
/* End PBXVariantGroup section */

/* Begin XCBuildConfiguration section */
		6FF926F926B1E9E00068D372 /* Debug */ = {
			isa = XCBuildConfiguration;
			buildSettings = {
				ALWAYS_SEARCH_USER_PATHS = NO;
				CLANG_ANALYZER_NONNULL = YES;
				CLANG_ANALYZER_NUMBER_OBJECT_CONVERSION = YES_AGGRESSIVE;
				CLANG_CXX_LANGUAGE_STANDARD = "gnu++14";
				CLANG_CXX_LIBRARY = "libc++";
				CLANG_ENABLE_MODULES = YES;
				CLANG_ENABLE_OBJC_ARC = YES;
				CLANG_ENABLE_OBJC_WEAK = YES;
				CLANG_WARN_BLOCK_CAPTURE_AUTORELEASING = YES;
				CLANG_WARN_BOOL_CONVERSION = YES;
				CLANG_WARN_COMMA = YES;
				CLANG_WARN_CONSTANT_CONVERSION = YES;
				CLANG_WARN_DEPRECATED_OBJC_IMPLEMENTATIONS = YES;
				CLANG_WARN_DIRECT_OBJC_ISA_USAGE = YES_ERROR;
				CLANG_WARN_DOCUMENTATION_COMMENTS = YES;
				CLANG_WARN_EMPTY_BODY = YES;
				CLANG_WARN_ENUM_CONVERSION = YES;
				CLANG_WARN_INFINITE_RECURSION = YES;
				CLANG_WARN_INT_CONVERSION = YES;
				CLANG_WARN_NON_LITERAL_NULL_CONVERSION = YES;
				CLANG_WARN_OBJC_IMPLICIT_RETAIN_SELF = YES;
				CLANG_WARN_OBJC_LITERAL_CONVERSION = YES;
				CLANG_WARN_OBJC_ROOT_CLASS = YES_ERROR;
				CLANG_WARN_QUOTED_INCLUDE_IN_FRAMEWORK_HEADER = YES;
				CLANG_WARN_RANGE_LOOP_ANALYSIS = YES;
				CLANG_WARN_STRICT_PROTOTYPES = YES;
				CLANG_WARN_SUSPICIOUS_MOVE = YES;
				CLANG_WARN_UNGUARDED_AVAILABILITY = YES_AGGRESSIVE;
				CLANG_WARN_UNREACHABLE_CODE = YES;
				CLANG_WARN__DUPLICATE_METHOD_MATCH = YES;
				COPY_PHASE_STRIP = NO;
				DEBUG_INFORMATION_FORMAT = dwarf;
				ENABLE_STRICT_OBJC_MSGSEND = YES;
				ENABLE_TESTABILITY = YES;
				GCC_C_LANGUAGE_STANDARD = gnu11;
				GCC_DYNAMIC_NO_PIC = NO;
				GCC_NO_COMMON_BLOCKS = YES;
				GCC_OPTIMIZATION_LEVEL = 0;
				GCC_PREPROCESSOR_DEFINITIONS = (
					"DEBUG=1",
					"$(inherited)",
				);
				GCC_WARN_64_TO_32_BIT_CONVERSION = YES;
				GCC_WARN_ABOUT_RETURN_TYPE = YES_ERROR;
				GCC_WARN_UNDECLARED_SELECTOR = YES;
				GCC_WARN_UNINITIALIZED_AUTOS = YES_AGGRESSIVE;
				GCC_WARN_UNUSED_FUNCTION = YES;
				GCC_WARN_UNUSED_VARIABLE = YES;
				IPHONEOS_DEPLOYMENT_TARGET = 14.5;
				MTL_ENABLE_DEBUG_INFO = INCLUDE_SOURCE;
				MTL_FAST_MATH = YES;
				ONLY_ACTIVE_ARCH = YES;
				SDKROOT = iphoneos;
				SWIFT_ACTIVE_COMPILATION_CONDITIONS = DEBUG;
				SWIFT_OPTIMIZATION_LEVEL = "-Onone";
			};
			name = Debug;
		};
		6FF926FA26B1E9E00068D372 /* Release */ = {
			isa = XCBuildConfiguration;
			buildSettings = {
				ALWAYS_SEARCH_USER_PATHS = NO;
				CLANG_ANALYZER_NONNULL = YES;
				CLANG_ANALYZER_NUMBER_OBJECT_CONVERSION = YES_AGGRESSIVE;
				CLANG_CXX_LANGUAGE_STANDARD = "gnu++14";
				CLANG_CXX_LIBRARY = "libc++";
				CLANG_ENABLE_MODULES = YES;
				CLANG_ENABLE_OBJC_ARC = YES;
				CLANG_ENABLE_OBJC_WEAK = YES;
				CLANG_WARN_BLOCK_CAPTURE_AUTORELEASING = YES;
				CLANG_WARN_BOOL_CONVERSION = YES;
				CLANG_WARN_COMMA = YES;
				CLANG_WARN_CONSTANT_CONVERSION = YES;
				CLANG_WARN_DEPRECATED_OBJC_IMPLEMENTATIONS = YES;
				CLANG_WARN_DIRECT_OBJC_ISA_USAGE = YES_ERROR;
				CLANG_WARN_DOCUMENTATION_COMMENTS = YES;
				CLANG_WARN_EMPTY_BODY = YES;
				CLANG_WARN_ENUM_CONVERSION = YES;
				CLANG_WARN_INFINITE_RECURSION = YES;
				CLANG_WARN_INT_CONVERSION = YES;
				CLANG_WARN_NON_LITERAL_NULL_CONVERSION = YES;
				CLANG_WARN_OBJC_IMPLICIT_RETAIN_SELF = YES;
				CLANG_WARN_OBJC_LITERAL_CONVERSION = YES;
				CLANG_WARN_OBJC_ROOT_CLASS = YES_ERROR;
				CLANG_WARN_QUOTED_INCLUDE_IN_FRAMEWORK_HEADER = YES;
				CLANG_WARN_RANGE_LOOP_ANALYSIS = YES;
				CLANG_WARN_STRICT_PROTOTYPES = YES;
				CLANG_WARN_SUSPICIOUS_MOVE = YES;
				CLANG_WARN_UNGUARDED_AVAILABILITY = YES_AGGRESSIVE;
				CLANG_WARN_UNREACHABLE_CODE = YES;
				CLANG_WARN__DUPLICATE_METHOD_MATCH = YES;
				COPY_PHASE_STRIP = NO;
				DEBUG_INFORMATION_FORMAT = "dwarf-with-dsym";
				ENABLE_NS_ASSERTIONS = NO;
				ENABLE_STRICT_OBJC_MSGSEND = YES;
				GCC_C_LANGUAGE_STANDARD = gnu11;
				GCC_NO_COMMON_BLOCKS = YES;
				GCC_WARN_64_TO_32_BIT_CONVERSION = YES;
				GCC_WARN_ABOUT_RETURN_TYPE = YES_ERROR;
				GCC_WARN_UNDECLARED_SELECTOR = YES;
				GCC_WARN_UNINITIALIZED_AUTOS = YES_AGGRESSIVE;
				GCC_WARN_UNUSED_FUNCTION = YES;
				GCC_WARN_UNUSED_VARIABLE = YES;
				IPHONEOS_DEPLOYMENT_TARGET = 14.5;
				MTL_ENABLE_DEBUG_INFO = NO;
				MTL_FAST_MATH = YES;
				SDKROOT = iphoneos;
				SWIFT_COMPILATION_MODE = wholemodule;
				SWIFT_OPTIMIZATION_LEVEL = "-O";
				VALIDATE_PRODUCT = YES;
			};
			name = Release;
		};
		6FF926FC26B1E9E00068D372 /* Debug */ = {
			isa = XCBuildConfiguration;
			buildSettings = {
				ASSETCATALOG_COMPILER_APPICON_NAME = AppIcon;
				ASSETCATALOG_COMPILER_GLOBAL_ACCENT_COLOR_NAME = AccentColor;
				CODE_SIGN_STYLE = Automatic;
				INFOPLIST_FILE = EDLifeSessionProject/Info.plist;
				LD_RUNPATH_SEARCH_PATHS = (
					"$(inherited)",
					"@executable_path/Frameworks",
				);
				PRODUCT_BUNDLE_IDENTIFIER = PLavrik.EDLifeSessionProject;
				PRODUCT_NAME = "$(TARGET_NAME)";
				SWIFT_VERSION = 5.0;
				TARGETED_DEVICE_FAMILY = "1,2";
			};
			name = Debug;
		};
		6FF926FD26B1E9E00068D372 /* Release */ = {
			isa = XCBuildConfiguration;
			buildSettings = {
				ASSETCATALOG_COMPILER_APPICON_NAME = AppIcon;
				ASSETCATALOG_COMPILER_GLOBAL_ACCENT_COLOR_NAME = AccentColor;
				CODE_SIGN_STYLE = Automatic;
				INFOPLIST_FILE = EDLifeSessionProject/Info.plist;
				LD_RUNPATH_SEARCH_PATHS = (
					"$(inherited)",
					"@executable_path/Frameworks",
				);
				PRODUCT_BUNDLE_IDENTIFIER = PLavrik.EDLifeSessionProject;
				PRODUCT_NAME = "$(TARGET_NAME)";
				SWIFT_VERSION = 5.0;
				TARGETED_DEVICE_FAMILY = "1,2";
			};
			name = Release;
		};
		6FF926FF26B1E9E00068D372 /* Debug */ = {
			isa = XCBuildConfiguration;
			buildSettings = {
				ALWAYS_EMBED_SWIFT_STANDARD_LIBRARIES = YES;
				BUNDLE_LOADER = "$(TEST_HOST)";
				CODE_SIGN_STYLE = Automatic;
				INFOPLIST_FILE = EDLifeSessionProjectTests/Info.plist;
				IPHONEOS_DEPLOYMENT_TARGET = 14.5;
				LD_RUNPATH_SEARCH_PATHS = (
					"$(inherited)",
					"@executable_path/Frameworks",
					"@loader_path/Frameworks",
				);
				PRODUCT_BUNDLE_IDENTIFIER = PLavrik.EDLifeSessionProjectTests;
				PRODUCT_NAME = "$(TARGET_NAME)";
				SWIFT_VERSION = 5.0;
				TARGETED_DEVICE_FAMILY = "1,2";
				TEST_HOST = "$(BUILT_PRODUCTS_DIR)/EDLifeSessionProject.app/EDLifeSessionProject";
			};
			name = Debug;
		};
		6FF9270026B1E9E00068D372 /* Release */ = {
			isa = XCBuildConfiguration;
			buildSettings = {
				ALWAYS_EMBED_SWIFT_STANDARD_LIBRARIES = YES;
				BUNDLE_LOADER = "$(TEST_HOST)";
				CODE_SIGN_STYLE = Automatic;
				INFOPLIST_FILE = EDLifeSessionProjectTests/Info.plist;
				IPHONEOS_DEPLOYMENT_TARGET = 14.5;
				LD_RUNPATH_SEARCH_PATHS = (
					"$(inherited)",
					"@executable_path/Frameworks",
					"@loader_path/Frameworks",
				);
				PRODUCT_BUNDLE_IDENTIFIER = PLavrik.EDLifeSessionProjectTests;
				PRODUCT_NAME = "$(TARGET_NAME)";
				SWIFT_VERSION = 5.0;
				TARGETED_DEVICE_FAMILY = "1,2";
				TEST_HOST = "$(BUILT_PRODUCTS_DIR)/EDLifeSessionProject.app/EDLifeSessionProject";
			};
			name = Release;
		};
		6FF9270226B1E9E00068D372 /* Debug */ = {
			isa = XCBuildConfiguration;
			buildSettings = {
				ALWAYS_EMBED_SWIFT_STANDARD_LIBRARIES = YES;
				CODE_SIGN_STYLE = Automatic;
				INFOPLIST_FILE = EDLifeSessionProjectUITests/Info.plist;
				LD_RUNPATH_SEARCH_PATHS = (
					"$(inherited)",
					"@executable_path/Frameworks",
					"@loader_path/Frameworks",
				);
				PRODUCT_BUNDLE_IDENTIFIER = PLavrik.EDLifeSessionProjectUITests;
				PRODUCT_NAME = "$(TARGET_NAME)";
				SWIFT_VERSION = 5.0;
				TARGETED_DEVICE_FAMILY = "1,2";
				TEST_TARGET_NAME = EDLifeSessionProject;
			};
			name = Debug;
		};
		6FF9270326B1E9E00068D372 /* Release */ = {
			isa = XCBuildConfiguration;
			buildSettings = {
				ALWAYS_EMBED_SWIFT_STANDARD_LIBRARIES = YES;
				CODE_SIGN_STYLE = Automatic;
				INFOPLIST_FILE = EDLifeSessionProjectUITests/Info.plist;
				LD_RUNPATH_SEARCH_PATHS = (
					"$(inherited)",
					"@executable_path/Frameworks",
					"@loader_path/Frameworks",
				);
				PRODUCT_BUNDLE_IDENTIFIER = PLavrik.EDLifeSessionProjectUITests;
				PRODUCT_NAME = "$(TARGET_NAME)";
				SWIFT_VERSION = 5.0;
				TARGETED_DEVICE_FAMILY = "1,2";
				TEST_TARGET_NAME = EDLifeSessionProject;
			};
			name = Release;
		};
/* End XCBuildConfiguration section */

/* Begin XCConfigurationList section */
		6FF926CC26B1E9DE0068D372 /* Build configuration list for PBXProject "EDLifeSessionProject" */ = {
			isa = XCConfigurationList;
			buildConfigurations = (
				6FF926F926B1E9E00068D372 /* Debug */,
				6FF926FA26B1E9E00068D372 /* Release */,
			);
			defaultConfigurationIsVisible = 0;
			defaultConfigurationName = Release;
		};
		6FF926FB26B1E9E00068D372 /* Build configuration list for PBXNativeTarget "EDLifeSessionProject" */ = {
			isa = XCConfigurationList;
			buildConfigurations = (
				6FF926FC26B1E9E00068D372 /* Debug */,
				6FF926FD26B1E9E00068D372 /* Release */,
			);
			defaultConfigurationIsVisible = 0;
			defaultConfigurationName = Release;
		};
		6FF926FE26B1E9E00068D372 /* Build configuration list for PBXNativeTarget "EDLifeSessionProjectTests" */ = {
			isa = XCConfigurationList;
			buildConfigurations = (
				6FF926FF26B1E9E00068D372 /* Debug */,
				6FF9270026B1E9E00068D372 /* Release */,
			);
			defaultConfigurationIsVisible = 0;
			defaultConfigurationName = Release;
		};
		6FF9270126B1E9E00068D372 /* Build configuration list for PBXNativeTarget "EDLifeSessionProjectUITests" */ = {
			isa = XCConfigurationList;
			buildConfigurations = (
				6FF9270226B1E9E00068D372 /* Debug */,
				6FF9270326B1E9E00068D372 /* Release */,
			);
			defaultConfigurationIsVisible = 0;
			defaultConfigurationName = Release;
		};
/* End XCConfigurationList section */
	};
	rootObject = 6FF926C926B1E9DE0068D372 /* Project object */;
}
